{
  "requires": true,
  "lockfileVersion": 1,
  "dependencies": {
    "basic-ftp": {
      "version": "2.13.2",
      "resolved": "https://registry.npmjs.org/basic-ftp/-/basic-ftp-2.13.2.tgz",
      "integrity": "sha512-FqHbkZWBLWNh+ZyjqKssEThRYDZdPGZc6tdp4hGWVoGgrqQFh+QhOYyG1mZB2v9b8T9M1KJNEvry6tgZ5qzxPw=="
    }
  }
}
